
Microsoft Visual Studio Solution File, Format Version 12.00
# Visual Studio Version 16
VisualStudioVersion = 16.0.34407.143
MinimumVisualStudioVersion = 10.0.40219.1
Project("{888888A0-9F3D-457C-B088-3A5042F75D52}") = "ef-python", "ef-python.pyproj", "{EC474F31-C400-47EB-B5E6-059BD8286A56}"
EndProject
Global
	GlobalSection(SolutionConfigurationPlatforms) = preSolution
		Debug|Any CPU = Debug|Any CPU
		Release|Any CPU = Release|Any CPU
	EndGlobalSection
	GlobalSection(ProjectConfigurationPlatforms) = postSolution
		{EC474F31-C400-47EB-B5E6-059BD8286A56}.Debug|Any CPU.ActiveCfg = Debug|Any CPU
		{EC474F31-C400-47EB-B5E6-059BD8286A56}.Release|Any CPU.ActiveCfg = Release|Any CPU
	EndGlobalSection
	GlobalSection(SolutionProperties) = preSolution
		HideSolutionNode = FALSE
	EndGlobalSection
	GlobalSection(ExtensibilityGlobals) = postSolution
		SolutionGuid = {6BBD78DC-5584-40DE-AB09-0F38084E5FEA}
	EndGlobalSection
EndGlobal
