
Microsoft Visual Studio Solution File, Format Version 12.00
# Visual Studio 15
VisualStudioVersion = 15.0.26228.73
MinimumVisualStudioVersion = 10.0.40219.1
Project("{FAE04EC0-301F-11D3-BF4B-00C04F79EFBC}") = "CommonObjects", "CommonObjects\CommonObjects.csproj", "{34CB783E-DDA2-4CE3-80BC-37B25AA33E5F}"
EndProject
Project("{FAE04EC0-301F-11D3-BF4B-00C04F79EFBC}") = "FileMonitor", "FileMonitor\FileMonitor.csproj", "{F50E9F98-5BFA-4CF2-9373-0D8E0A623E60}"
EndProject
Project("{FAE04EC0-301F-11D3-BF4B-00C04F79EFBC}") = "FileProtector", "FileProtector\FileProtector.csproj", "{5D68B347-6B7E-4B0A-9DBF-82E287A52A21}"
EndProject
Project("{2150E333-8FDC-42A3-9474-1A3956D46DE8}") = "CSharpDemo", "CSharpDemo", "{9962A820-513B-4A87-8313-0D8F6EA3765A}"
EndProject
Project("{2150E333-8FDC-42A3-9474-1A3956D46DE8}") = "CPlusPlusDemo", "CPlusPlusDemo", "{7C8FC956-4439-4917-BE4F-ED8F97B80863}"
EndProject
Project("{8BC9CEB8-8B4A-11D0-8D11-00A0C91BC942}") = "EaseFltCPPDemo", "EaseFltCPPDemo\EaseFltCPPDemo.vcxproj", "{E9382993-43C9-4CEC-9D94-90DEF64FD214}"
EndProject
Project("{FAE04EC0-301F-11D3-BF4B-00C04F79EFBC}") = "AutoFileCryptTool", "AutoFileCryptTool\AutoFileCryptTool.csproj", "{BCEBE26C-6C20-4086-AF65-76113DE08189}"
EndProject
Project("{FAE04EC0-301F-11D3-BF4B-00C04F79EFBC}") = "EaseFltCSConsoleDemo", "EaseFltCSConsoleDemo\EaseFltCSConsoleDemo.csproj", "{B2571F4D-C611-409C-A885-53FDDA045269}"
EndProject
Project("{FAE04EC0-301F-11D3-BF4B-00C04F79EFBC}") = "RegMon", "RegMon\RegMon.csproj", "{3159257E-F264-4B6A-B96E-F3D46ABF90A3}"
EndProject
Project("{FAE04EC0-301F-11D3-BF4B-00C04F79EFBC}") = "ProcessMon", "ProcessMon\ProcessMon.csproj", "{BB797E16-A353-478D-9335-1D1B6AED38F8}"
EndProject
Project("{FAE04EC0-301F-11D3-BF4B-00C04F79EFBC}") = "SecureSandbox", "SecureSandbox\SecureSandbox.csproj", "{E6D17F25-C5AA-4C56-906C-0B9B35E600BC}"
EndProject
Project("{FAE04EC0-301F-11D3-BF4B-00C04F79EFBC}") = "FolderLocker", "FolderLocker\FolderLocker.csproj", "{8EB7E6DC-D83A-45E7-9F09-72931F2EED66}"
EndProject
Project("{FAE04EC0-301F-11D3-BF4B-00C04F79EFBC}") = "SecureShare", "SecureShare\SecureShare.csproj", "{32877C42-32C7-411F-B110-CF2FD9CF11D8}"
EndProject
Project("{FAE04EC0-301F-11D3-BF4B-00C04F79EFBC}") = "FilterControl", "FilterControl\FilterControl.csproj", "{21540012-A296-45CE-8D35-3EA5A07B32A6}"
EndProject
Project("{FAE04EC0-301F-11D3-BF4B-00C04F79EFBC}") = "AutoEncryptDemo", "AutoEncryptDemo\AutoEncryptDemo.csproj", "{89B88C2F-1FF5-4D84-A010-6BF74436576B}"
EndProject
Project("{FAE04EC0-301F-11D3-BF4B-00C04F79EFBC}") = "FileMonitorConsole", "FileMonitorConsole\FileMonitorConsole.csproj", "{D2549779-D9A0-4A92-9390-93973CC5249A}"
EndProject
Project("{FAE04EC0-301F-11D3-BF4B-00C04F79EFBC}") = "FileProtectorConsole", "FileProtectorConsole\FileProtectorConsole.csproj", "{1A0641F2-8857-46D7-965D-B6B3BD1771BC}"
EndProject
Global
	GlobalSection(SolutionConfigurationPlatforms) = preSolution
		Debug|Any CPU = Debug|Any CPU
		Debug|Mixed Platforms = Debug|Mixed Platforms
		Debug|Win32 = Debug|Win32
		Debug|x64 = Debug|x64
		Debug|x86 = Debug|x86
		Release|Any CPU = Release|Any CPU
		Release|Mixed Platforms = Release|Mixed Platforms
		Release|Win32 = Release|Win32
		Release|x64 = Release|x64
		Release|x86 = Release|x86
	EndGlobalSection
	GlobalSection(ProjectConfigurationPlatforms) = postSolution
		{34CB783E-DDA2-4CE3-80BC-37B25AA33E5F}.Debug|Any CPU.ActiveCfg = Debug|Any CPU
		{34CB783E-DDA2-4CE3-80BC-37B25AA33E5F}.Debug|Any CPU.Build.0 = Debug|Any CPU
		{34CB783E-DDA2-4CE3-80BC-37B25AA33E5F}.Debug|Mixed Platforms.ActiveCfg = Debug|Any CPU
		{34CB783E-DDA2-4CE3-80BC-37B25AA33E5F}.Debug|Mixed Platforms.Build.0 = Debug|Any CPU
		{34CB783E-DDA2-4CE3-80BC-37B25AA33E5F}.Debug|Win32.ActiveCfg = Debug|Any CPU
		{34CB783E-DDA2-4CE3-80BC-37B25AA33E5F}.Debug|Win32.Build.0 = Debug|Any CPU
		{34CB783E-DDA2-4CE3-80BC-37B25AA33E5F}.Debug|x64.ActiveCfg = Debug|Any CPU
		{34CB783E-DDA2-4CE3-80BC-37B25AA33E5F}.Debug|x64.Build.0 = Debug|Any CPU
		{34CB783E-DDA2-4CE3-80BC-37B25AA33E5F}.Debug|x86.ActiveCfg = Debug|Any CPU
		{34CB783E-DDA2-4CE3-80BC-37B25AA33E5F}.Release|Any CPU.ActiveCfg = Release|Any CPU
		{34CB783E-DDA2-4CE3-80BC-37B25AA33E5F}.Release|Any CPU.Build.0 = Release|Any CPU
		{34CB783E-DDA2-4CE3-80BC-37B25AA33E5F}.Release|Mixed Platforms.ActiveCfg = Release|Any CPU
		{34CB783E-DDA2-4CE3-80BC-37B25AA33E5F}.Release|Mixed Platforms.Build.0 = Release|Any CPU
		{34CB783E-DDA2-4CE3-80BC-37B25AA33E5F}.Release|Win32.ActiveCfg = Release|Any CPU
		{34CB783E-DDA2-4CE3-80BC-37B25AA33E5F}.Release|x64.ActiveCfg = Release|Any CPU
		{34CB783E-DDA2-4CE3-80BC-37B25AA33E5F}.Release|x64.Build.0 = Release|Any CPU
		{34CB783E-DDA2-4CE3-80BC-37B25AA33E5F}.Release|x86.ActiveCfg = Release|Any CPU
		{F50E9F98-5BFA-4CF2-9373-0D8E0A623E60}.Debug|Any CPU.ActiveCfg = Debug|Any CPU
		{F50E9F98-5BFA-4CF2-9373-0D8E0A623E60}.Debug|Mixed Platforms.ActiveCfg = Debug|Any CPU
		{F50E9F98-5BFA-4CF2-9373-0D8E0A623E60}.Debug|Mixed Platforms.Build.0 = Debug|Any CPU
		{F50E9F98-5BFA-4CF2-9373-0D8E0A623E60}.Debug|Win32.ActiveCfg = Debug|Any CPU
		{F50E9F98-5BFA-4CF2-9373-0D8E0A623E60}.Debug|Win32.Build.0 = Debug|Any CPU
		{F50E9F98-5BFA-4CF2-9373-0D8E0A623E60}.Debug|x64.ActiveCfg = Debug|Any CPU
		{F50E9F98-5BFA-4CF2-9373-0D8E0A623E60}.Debug|x64.Build.0 = Debug|Any CPU
		{F50E9F98-5BFA-4CF2-9373-0D8E0A623E60}.Debug|x86.ActiveCfg = Debug|x86
		{F50E9F98-5BFA-4CF2-9373-0D8E0A623E60}.Debug|x86.Build.0 = Debug|x86
		{F50E9F98-5BFA-4CF2-9373-0D8E0A623E60}.Release|Any CPU.ActiveCfg = Release|Any CPU
		{F50E9F98-5BFA-4CF2-9373-0D8E0A623E60}.Release|Mixed Platforms.ActiveCfg = Release|x86
		{F50E9F98-5BFA-4CF2-9373-0D8E0A623E60}.Release|Mixed Platforms.Build.0 = Release|x86
		{F50E9F98-5BFA-4CF2-9373-0D8E0A623E60}.Release|Win32.ActiveCfg = Release|Any CPU
		{F50E9F98-5BFA-4CF2-9373-0D8E0A623E60}.Release|x64.ActiveCfg = Release|Any CPU
		{F50E9F98-5BFA-4CF2-9373-0D8E0A623E60}.Release|x64.Build.0 = Release|Any CPU
		{F50E9F98-5BFA-4CF2-9373-0D8E0A623E60}.Release|x86.ActiveCfg = Release|x86
		{F50E9F98-5BFA-4CF2-9373-0D8E0A623E60}.Release|x86.Build.0 = Release|x86
		{5D68B347-6B7E-4B0A-9DBF-82E287A52A21}.Debug|Any CPU.ActiveCfg = Debug|Any CPU
		{5D68B347-6B7E-4B0A-9DBF-82E287A52A21}.Debug|Mixed Platforms.ActiveCfg = Debug|Any CPU
		{5D68B347-6B7E-4B0A-9DBF-82E287A52A21}.Debug|Mixed Platforms.Build.0 = Debug|Any CPU
		{5D68B347-6B7E-4B0A-9DBF-82E287A52A21}.Debug|Win32.ActiveCfg = Debug|Any CPU
		{5D68B347-6B7E-4B0A-9DBF-82E287A52A21}.Debug|Win32.Build.0 = Debug|Any CPU
		{5D68B347-6B7E-4B0A-9DBF-82E287A52A21}.Debug|x64.ActiveCfg = Debug|Any CPU
		{5D68B347-6B7E-4B0A-9DBF-82E287A52A21}.Debug|x64.Build.0 = Debug|Any CPU
		{5D68B347-6B7E-4B0A-9DBF-82E287A52A21}.Debug|x86.ActiveCfg = Debug|x86
		{5D68B347-6B7E-4B0A-9DBF-82E287A52A21}.Debug|x86.Build.0 = Debug|x86
		{5D68B347-6B7E-4B0A-9DBF-82E287A52A21}.Release|Any CPU.ActiveCfg = Release|Any CPU
		{5D68B347-6B7E-4B0A-9DBF-82E287A52A21}.Release|Mixed Platforms.ActiveCfg = Release|x86
		{5D68B347-6B7E-4B0A-9DBF-82E287A52A21}.Release|Mixed Platforms.Build.0 = Release|x86
		{5D68B347-6B7E-4B0A-9DBF-82E287A52A21}.Release|Win32.ActiveCfg = Release|Any CPU
		{5D68B347-6B7E-4B0A-9DBF-82E287A52A21}.Release|x64.ActiveCfg = Release|Any CPU
		{5D68B347-6B7E-4B0A-9DBF-82E287A52A21}.Release|x64.Build.0 = Release|Any CPU
		{5D68B347-6B7E-4B0A-9DBF-82E287A52A21}.Release|x86.ActiveCfg = Release|x86
		{5D68B347-6B7E-4B0A-9DBF-82E287A52A21}.Release|x86.Build.0 = Release|x86
		{E9382993-43C9-4CEC-9D94-90DEF64FD214}.Debug|Any CPU.ActiveCfg = Debug|x64
		{E9382993-43C9-4CEC-9D94-90DEF64FD214}.Debug|Mixed Platforms.ActiveCfg = Debug|x64
		{E9382993-43C9-4CEC-9D94-90DEF64FD214}.Debug|Mixed Platforms.Build.0 = Debug|x64
		{E9382993-43C9-4CEC-9D94-90DEF64FD214}.Debug|Win32.ActiveCfg = Debug|Win32
		{E9382993-43C9-4CEC-9D94-90DEF64FD214}.Debug|x64.ActiveCfg = Debug|x64
		{E9382993-43C9-4CEC-9D94-90DEF64FD214}.Debug|x64.Build.0 = Debug|x64
		{E9382993-43C9-4CEC-9D94-90DEF64FD214}.Debug|x86.ActiveCfg = Debug|x64
		{E9382993-43C9-4CEC-9D94-90DEF64FD214}.Release|Any CPU.ActiveCfg = Release|x64
		{E9382993-43C9-4CEC-9D94-90DEF64FD214}.Release|Mixed Platforms.ActiveCfg = Release|x64
		{E9382993-43C9-4CEC-9D94-90DEF64FD214}.Release|Mixed Platforms.Build.0 = Release|x64
		{E9382993-43C9-4CEC-9D94-90DEF64FD214}.Release|Win32.ActiveCfg = Release|Win32
		{E9382993-43C9-4CEC-9D94-90DEF64FD214}.Release|Win32.Build.0 = Release|Win32
		{E9382993-43C9-4CEC-9D94-90DEF64FD214}.Release|x64.ActiveCfg = Release|x64
		{E9382993-43C9-4CEC-9D94-90DEF64FD214}.Release|x64.Build.0 = Release|x64
		{E9382993-43C9-4CEC-9D94-90DEF64FD214}.Release|x86.ActiveCfg = Release|x64
		{BCEBE26C-6C20-4086-AF65-76113DE08189}.Debug|Any CPU.ActiveCfg = Debug|Any CPU
		{BCEBE26C-6C20-4086-AF65-76113DE08189}.Debug|Mixed Platforms.ActiveCfg = Debug|Any CPU
		{BCEBE26C-6C20-4086-AF65-76113DE08189}.Debug|Mixed Platforms.Build.0 = Debug|Any CPU
		{BCEBE26C-6C20-4086-AF65-76113DE08189}.Debug|Win32.ActiveCfg = Debug|Any CPU
		{BCEBE26C-6C20-4086-AF65-76113DE08189}.Debug|Win32.Build.0 = Debug|Any CPU
		{BCEBE26C-6C20-4086-AF65-76113DE08189}.Debug|x64.ActiveCfg = Debug|Any CPU
		{BCEBE26C-6C20-4086-AF65-76113DE08189}.Debug|x64.Build.0 = Debug|Any CPU
		{BCEBE26C-6C20-4086-AF65-76113DE08189}.Debug|x86.ActiveCfg = Debug|x86
		{BCEBE26C-6C20-4086-AF65-76113DE08189}.Debug|x86.Build.0 = Debug|x86
		{BCEBE26C-6C20-4086-AF65-76113DE08189}.Release|Any CPU.ActiveCfg = Release|Any CPU
		{BCEBE26C-6C20-4086-AF65-76113DE08189}.Release|Mixed Platforms.ActiveCfg = Release|x86
		{BCEBE26C-6C20-4086-AF65-76113DE08189}.Release|Mixed Platforms.Build.0 = Release|x86
		{BCEBE26C-6C20-4086-AF65-76113DE08189}.Release|Win32.ActiveCfg = Release|Any CPU
		{BCEBE26C-6C20-4086-AF65-76113DE08189}.Release|x64.ActiveCfg = Release|Any CPU
		{BCEBE26C-6C20-4086-AF65-76113DE08189}.Release|x64.Build.0 = Release|Any CPU
		{BCEBE26C-6C20-4086-AF65-76113DE08189}.Release|x86.ActiveCfg = Release|x86
		{BCEBE26C-6C20-4086-AF65-76113DE08189}.Release|x86.Build.0 = Release|x86
		{B2571F4D-C611-409C-A885-53FDDA045269}.Debug|Any CPU.ActiveCfg = Debug|Any CPU
		{B2571F4D-C611-409C-A885-53FDDA045269}.Debug|Any CPU.Build.0 = Debug|Any CPU
		{B2571F4D-C611-409C-A885-53FDDA045269}.Debug|Mixed Platforms.ActiveCfg = Debug|Any CPU
		{B2571F4D-C611-409C-A885-53FDDA045269}.Debug|Mixed Platforms.Build.0 = Debug|Any CPU
		{B2571F4D-C611-409C-A885-53FDDA045269}.Debug|Win32.ActiveCfg = Debug|Any CPU
		{B2571F4D-C611-409C-A885-53FDDA045269}.Debug|x64.ActiveCfg = Debug|Any CPU
		{B2571F4D-C611-409C-A885-53FDDA045269}.Debug|x86.ActiveCfg = Debug|Any CPU
		{B2571F4D-C611-409C-A885-53FDDA045269}.Release|Any CPU.ActiveCfg = Release|Any CPU
		{B2571F4D-C611-409C-A885-53FDDA045269}.Release|Any CPU.Build.0 = Release|Any CPU
		{B2571F4D-C611-409C-A885-53FDDA045269}.Release|Mixed Platforms.ActiveCfg = Release|Any CPU
		{B2571F4D-C611-409C-A885-53FDDA045269}.Release|Mixed Platforms.Build.0 = Release|Any CPU
		{B2571F4D-C611-409C-A885-53FDDA045269}.Release|Win32.ActiveCfg = Release|Any CPU
		{B2571F4D-C611-409C-A885-53FDDA045269}.Release|x64.ActiveCfg = Release|Any CPU
		{B2571F4D-C611-409C-A885-53FDDA045269}.Release|x86.ActiveCfg = Release|Any CPU
		{3159257E-F264-4B6A-B96E-F3D46ABF90A3}.Debug|Any CPU.ActiveCfg = Debug|x86
		{3159257E-F264-4B6A-B96E-F3D46ABF90A3}.Debug|Mixed Platforms.ActiveCfg = Debug|x86
		{3159257E-F264-4B6A-B96E-F3D46ABF90A3}.Debug|Mixed Platforms.Build.0 = Debug|x86
		{3159257E-F264-4B6A-B96E-F3D46ABF90A3}.Debug|Win32.ActiveCfg = Debug|x86
		{3159257E-F264-4B6A-B96E-F3D46ABF90A3}.Debug|x64.ActiveCfg = Debug|x86
		{3159257E-F264-4B6A-B96E-F3D46ABF90A3}.Debug|x86.ActiveCfg = Debug|x86
		{3159257E-F264-4B6A-B96E-F3D46ABF90A3}.Debug|x86.Build.0 = Debug|x86
		{3159257E-F264-4B6A-B96E-F3D46ABF90A3}.Release|Any CPU.ActiveCfg = Release|x86
		{3159257E-F264-4B6A-B96E-F3D46ABF90A3}.Release|Mixed Platforms.ActiveCfg = Release|x86
		{3159257E-F264-4B6A-B96E-F3D46ABF90A3}.Release|Mixed Platforms.Build.0 = Release|x86
		{3159257E-F264-4B6A-B96E-F3D46ABF90A3}.Release|Win32.ActiveCfg = Release|x86
		{3159257E-F264-4B6A-B96E-F3D46ABF90A3}.Release|x64.ActiveCfg = Release|x86
		{3159257E-F264-4B6A-B96E-F3D46ABF90A3}.Release|x86.ActiveCfg = Release|x86
		{3159257E-F264-4B6A-B96E-F3D46ABF90A3}.Release|x86.Build.0 = Release|x86
		{BB797E16-A353-478D-9335-1D1B6AED38F8}.Debug|Any CPU.ActiveCfg = Debug|x86
		{BB797E16-A353-478D-9335-1D1B6AED38F8}.Debug|Mixed Platforms.ActiveCfg = Debug|x86
		{BB797E16-A353-478D-9335-1D1B6AED38F8}.Debug|Mixed Platforms.Build.0 = Debug|x86
		{BB797E16-A353-478D-9335-1D1B6AED38F8}.Debug|Win32.ActiveCfg = Debug|x86
		{BB797E16-A353-478D-9335-1D1B6AED38F8}.Debug|x64.ActiveCfg = Debug|x86
		{BB797E16-A353-478D-9335-1D1B6AED38F8}.Debug|x86.ActiveCfg = Debug|x86
		{BB797E16-A353-478D-9335-1D1B6AED38F8}.Debug|x86.Build.0 = Debug|x86
		{BB797E16-A353-478D-9335-1D1B6AED38F8}.Release|Any CPU.ActiveCfg = Release|x86
		{BB797E16-A353-478D-9335-1D1B6AED38F8}.Release|Mixed Platforms.ActiveCfg = Release|x86
		{BB797E16-A353-478D-9335-1D1B6AED38F8}.Release|Mixed Platforms.Build.0 = Release|x86
		{BB797E16-A353-478D-9335-1D1B6AED38F8}.Release|Win32.ActiveCfg = Release|x86
		{BB797E16-A353-478D-9335-1D1B6AED38F8}.Release|x64.ActiveCfg = Release|x86
		{BB797E16-A353-478D-9335-1D1B6AED38F8}.Release|x86.ActiveCfg = Release|x86
		{BB797E16-A353-478D-9335-1D1B6AED38F8}.Release|x86.Build.0 = Release|x86
		{E6D17F25-C5AA-4C56-906C-0B9B35E600BC}.Debug|Any CPU.ActiveCfg = Debug|x86
		{E6D17F25-C5AA-4C56-906C-0B9B35E600BC}.Debug|Mixed Platforms.ActiveCfg = Debug|x86
		{E6D17F25-C5AA-4C56-906C-0B9B35E600BC}.Debug|Mixed Platforms.Build.0 = Debug|x86
		{E6D17F25-C5AA-4C56-906C-0B9B35E600BC}.Debug|Win32.ActiveCfg = Debug|x86
		{E6D17F25-C5AA-4C56-906C-0B9B35E600BC}.Debug|x64.ActiveCfg = Debug|x86
		{E6D17F25-C5AA-4C56-906C-0B9B35E600BC}.Debug|x86.ActiveCfg = Debug|x86
		{E6D17F25-C5AA-4C56-906C-0B9B35E600BC}.Debug|x86.Build.0 = Debug|x86
		{E6D17F25-C5AA-4C56-906C-0B9B35E600BC}.Release|Any CPU.ActiveCfg = Release|x86
		{E6D17F25-C5AA-4C56-906C-0B9B35E600BC}.Release|Mixed Platforms.ActiveCfg = Release|x86
		{E6D17F25-C5AA-4C56-906C-0B9B35E600BC}.Release|Mixed Platforms.Build.0 = Release|x86
		{E6D17F25-C5AA-4C56-906C-0B9B35E600BC}.Release|Win32.ActiveCfg = Release|x86
		{E6D17F25-C5AA-4C56-906C-0B9B35E600BC}.Release|x64.ActiveCfg = Release|x86
		{E6D17F25-C5AA-4C56-906C-0B9B35E600BC}.Release|x86.ActiveCfg = Release|x86
		{E6D17F25-C5AA-4C56-906C-0B9B35E600BC}.Release|x86.Build.0 = Release|x86
		{8EB7E6DC-D83A-45E7-9F09-72931F2EED66}.Debug|Any CPU.ActiveCfg = Debug|Any CPU
		{8EB7E6DC-D83A-45E7-9F09-72931F2EED66}.Debug|Any CPU.Build.0 = Debug|Any CPU
		{8EB7E6DC-D83A-45E7-9F09-72931F2EED66}.Debug|Mixed Platforms.ActiveCfg = Debug|Any CPU
		{8EB7E6DC-D83A-45E7-9F09-72931F2EED66}.Debug|Mixed Platforms.Build.0 = Debug|Any CPU
		{8EB7E6DC-D83A-45E7-9F09-72931F2EED66}.Debug|Win32.ActiveCfg = Debug|Any CPU
		{8EB7E6DC-D83A-45E7-9F09-72931F2EED66}.Debug|x64.ActiveCfg = Debug|x86
		{8EB7E6DC-D83A-45E7-9F09-72931F2EED66}.Debug|x86.ActiveCfg = Debug|x86
		{8EB7E6DC-D83A-45E7-9F09-72931F2EED66}.Debug|x86.Build.0 = Debug|x86
		{8EB7E6DC-D83A-45E7-9F09-72931F2EED66}.Release|Any CPU.ActiveCfg = Release|Any CPU
		{8EB7E6DC-D83A-45E7-9F09-72931F2EED66}.Release|Any CPU.Build.0 = Release|Any CPU
		{8EB7E6DC-D83A-45E7-9F09-72931F2EED66}.Release|Mixed Platforms.ActiveCfg = Release|Any CPU
		{8EB7E6DC-D83A-45E7-9F09-72931F2EED66}.Release|Mixed Platforms.Build.0 = Release|Any CPU
		{8EB7E6DC-D83A-45E7-9F09-72931F2EED66}.Release|Win32.ActiveCfg = Release|Any CPU
		{8EB7E6DC-D83A-45E7-9F09-72931F2EED66}.Release|x64.ActiveCfg = Release|x86
		{8EB7E6DC-D83A-45E7-9F09-72931F2EED66}.Release|x86.ActiveCfg = Release|x86
		{8EB7E6DC-D83A-45E7-9F09-72931F2EED66}.Release|x86.Build.0 = Release|x86
		{32877C42-32C7-411F-B110-CF2FD9CF11D8}.Debug|Any CPU.ActiveCfg = Debug|Any CPU
		{32877C42-32C7-411F-B110-CF2FD9CF11D8}.Debug|Any CPU.Build.0 = Debug|Any CPU
		{32877C42-32C7-411F-B110-CF2FD9CF11D8}.Debug|Mixed Platforms.ActiveCfg = Debug|Any CPU
		{32877C42-32C7-411F-B110-CF2FD9CF11D8}.Debug|Mixed Platforms.Build.0 = Debug|Any CPU
		{32877C42-32C7-411F-B110-CF2FD9CF11D8}.Debug|Win32.ActiveCfg = Debug|Any CPU
		{32877C42-32C7-411F-B110-CF2FD9CF11D8}.Debug|x64.ActiveCfg = Debug|x86
		{32877C42-32C7-411F-B110-CF2FD9CF11D8}.Debug|x86.ActiveCfg = Debug|x86
		{32877C42-32C7-411F-B110-CF2FD9CF11D8}.Debug|x86.Build.0 = Debug|x86
		{32877C42-32C7-411F-B110-CF2FD9CF11D8}.Release|Any CPU.ActiveCfg = Release|Any CPU
		{32877C42-32C7-411F-B110-CF2FD9CF11D8}.Release|Any CPU.Build.0 = Release|Any CPU
		{32877C42-32C7-411F-B110-CF2FD9CF11D8}.Release|Mixed Platforms.ActiveCfg = Release|Any CPU
		{32877C42-32C7-411F-B110-CF2FD9CF11D8}.Release|Mixed Platforms.Build.0 = Release|Any CPU
		{32877C42-32C7-411F-B110-CF2FD9CF11D8}.Release|Win32.ActiveCfg = Release|Any CPU
		{32877C42-32C7-411F-B110-CF2FD9CF11D8}.Release|x64.ActiveCfg = Release|x86
		{32877C42-32C7-411F-B110-CF2FD9CF11D8}.Release|x86.ActiveCfg = Release|x86
		{32877C42-32C7-411F-B110-CF2FD9CF11D8}.Release|x86.Build.0 = Release|x86
		{21540012-A296-45CE-8D35-3EA5A07B32A6}.Debug|Any CPU.ActiveCfg = Debug|Any CPU
		{21540012-A296-45CE-8D35-3EA5A07B32A6}.Debug|Any CPU.Build.0 = Debug|Any CPU
		{21540012-A296-45CE-8D35-3EA5A07B32A6}.Debug|Mixed Platforms.ActiveCfg = Debug|Any CPU
		{21540012-A296-45CE-8D35-3EA5A07B32A6}.Debug|Mixed Platforms.Build.0 = Debug|Any CPU
		{21540012-A296-45CE-8D35-3EA5A07B32A6}.Debug|Win32.ActiveCfg = Debug|Any CPU
		{21540012-A296-45CE-8D35-3EA5A07B32A6}.Debug|x64.ActiveCfg = Debug|Any CPU
		{21540012-A296-45CE-8D35-3EA5A07B32A6}.Debug|x86.ActiveCfg = Debug|Any CPU
		{21540012-A296-45CE-8D35-3EA5A07B32A6}.Release|Any CPU.ActiveCfg = Release|Any CPU
		{21540012-A296-45CE-8D35-3EA5A07B32A6}.Release|Any CPU.Build.0 = Release|Any CPU
		{21540012-A296-45CE-8D35-3EA5A07B32A6}.Release|Mixed Platforms.ActiveCfg = Release|Any CPU
		{21540012-A296-45CE-8D35-3EA5A07B32A6}.Release|Mixed Platforms.Build.0 = Release|Any CPU
		{21540012-A296-45CE-8D35-3EA5A07B32A6}.Release|Win32.ActiveCfg = Release|Any CPU
		{21540012-A296-45CE-8D35-3EA5A07B32A6}.Release|x64.ActiveCfg = Release|Any CPU
		{21540012-A296-45CE-8D35-3EA5A07B32A6}.Release|x86.ActiveCfg = Release|Any CPU
		{89B88C2F-1FF5-4D84-A010-6BF74436576B}.Debug|Any CPU.ActiveCfg = Debug|x86
		{89B88C2F-1FF5-4D84-A010-6BF74436576B}.Debug|Mixed Platforms.ActiveCfg = Debug|x86
		{89B88C2F-1FF5-4D84-A010-6BF74436576B}.Debug|Mixed Platforms.Build.0 = Debug|x86
		{89B88C2F-1FF5-4D84-A010-6BF74436576B}.Debug|Win32.ActiveCfg = Debug|x86
		{89B88C2F-1FF5-4D84-A010-6BF74436576B}.Debug|x64.ActiveCfg = Debug|x86
		{89B88C2F-1FF5-4D84-A010-6BF74436576B}.Debug|x86.ActiveCfg = Debug|x86
		{89B88C2F-1FF5-4D84-A010-6BF74436576B}.Debug|x86.Build.0 = Debug|x86
		{89B88C2F-1FF5-4D84-A010-6BF74436576B}.Release|Any CPU.ActiveCfg = Release|x86
		{89B88C2F-1FF5-4D84-A010-6BF74436576B}.Release|Mixed Platforms.ActiveCfg = Release|x86
		{89B88C2F-1FF5-4D84-A010-6BF74436576B}.Release|Mixed Platforms.Build.0 = Release|x86
		{89B88C2F-1FF5-4D84-A010-6BF74436576B}.Release|Win32.ActiveCfg = Release|x86
		{89B88C2F-1FF5-4D84-A010-6BF74436576B}.Release|x64.ActiveCfg = Release|x86
		{89B88C2F-1FF5-4D84-A010-6BF74436576B}.Release|x86.ActiveCfg = Release|x86
		{89B88C2F-1FF5-4D84-A010-6BF74436576B}.Release|x86.Build.0 = Release|x86
		{D2549779-D9A0-4A92-9390-93973CC5249A}.Debug|Any CPU.ActiveCfg = Debug|x86
		{D2549779-D9A0-4A92-9390-93973CC5249A}.Debug|Mixed Platforms.ActiveCfg = Debug|x86
		{D2549779-D9A0-4A92-9390-93973CC5249A}.Debug|Mixed Platforms.Build.0 = Debug|x86
		{D2549779-D9A0-4A92-9390-93973CC5249A}.Debug|Win32.ActiveCfg = Debug|x86
		{D2549779-D9A0-4A92-9390-93973CC5249A}.Debug|x64.ActiveCfg = Debug|x86
		{D2549779-D9A0-4A92-9390-93973CC5249A}.Debug|x86.ActiveCfg = Debug|x86
		{D2549779-D9A0-4A92-9390-93973CC5249A}.Debug|x86.Build.0 = Debug|x86
		{D2549779-D9A0-4A92-9390-93973CC5249A}.Release|Any CPU.ActiveCfg = Release|x86
		{D2549779-D9A0-4A92-9390-93973CC5249A}.Release|Mixed Platforms.ActiveCfg = Release|x86
		{D2549779-D9A0-4A92-9390-93973CC5249A}.Release|Mixed Platforms.Build.0 = Release|x86
		{D2549779-D9A0-4A92-9390-93973CC5249A}.Release|Win32.ActiveCfg = Release|x86
		{D2549779-D9A0-4A92-9390-93973CC5249A}.Release|x64.ActiveCfg = Release|x86
		{D2549779-D9A0-4A92-9390-93973CC5249A}.Release|x86.ActiveCfg = Release|x86
		{D2549779-D9A0-4A92-9390-93973CC5249A}.Release|x86.Build.0 = Release|x86
		{1A0641F2-8857-46D7-965D-B6B3BD1771BC}.Debug|Any CPU.ActiveCfg = Debug|x86
		{1A0641F2-8857-46D7-965D-B6B3BD1771BC}.Debug|Mixed Platforms.ActiveCfg = Debug|x86
		{1A0641F2-8857-46D7-965D-B6B3BD1771BC}.Debug|Mixed Platforms.Build.0 = Debug|x86
		{1A0641F2-8857-46D7-965D-B6B3BD1771BC}.Debug|Win32.ActiveCfg = Debug|x86
		{1A0641F2-8857-46D7-965D-B6B3BD1771BC}.Debug|x64.ActiveCfg = Debug|x86
		{1A0641F2-8857-46D7-965D-B6B3BD1771BC}.Debug|x86.ActiveCfg = Debug|x86
		{1A0641F2-8857-46D7-965D-B6B3BD1771BC}.Debug|x86.Build.0 = Debug|x86
		{1A0641F2-8857-46D7-965D-B6B3BD1771BC}.Release|Any CPU.ActiveCfg = Release|x86
		{1A0641F2-8857-46D7-965D-B6B3BD1771BC}.Release|Mixed Platforms.ActiveCfg = Release|x86
		{1A0641F2-8857-46D7-965D-B6B3BD1771BC}.Release|Mixed Platforms.Build.0 = Release|x86
		{1A0641F2-8857-46D7-965D-B6B3BD1771BC}.Release|Win32.ActiveCfg = Release|x86
		{1A0641F2-8857-46D7-965D-B6B3BD1771BC}.Release|x64.ActiveCfg = Release|x86
		{1A0641F2-8857-46D7-965D-B6B3BD1771BC}.Release|x86.ActiveCfg = Release|x86
		{1A0641F2-8857-46D7-965D-B6B3BD1771BC}.Release|x86.Build.0 = Release|x86
	EndGlobalSection
	GlobalSection(SolutionProperties) = preSolution
		HideSolutionNode = FALSE
	EndGlobalSection
	GlobalSection(NestedProjects) = preSolution
		{34CB783E-DDA2-4CE3-80BC-37B25AA33E5F} = {9962A820-513B-4A87-8313-0D8F6EA3765A}
		{F50E9F98-5BFA-4CF2-9373-0D8E0A623E60} = {9962A820-513B-4A87-8313-0D8F6EA3765A}
		{5D68B347-6B7E-4B0A-9DBF-82E287A52A21} = {9962A820-513B-4A87-8313-0D8F6EA3765A}
		{E9382993-43C9-4CEC-9D94-90DEF64FD214} = {7C8FC956-4439-4917-BE4F-ED8F97B80863}
		{BCEBE26C-6C20-4086-AF65-76113DE08189} = {9962A820-513B-4A87-8313-0D8F6EA3765A}
		{B2571F4D-C611-409C-A885-53FDDA045269} = {9962A820-513B-4A87-8313-0D8F6EA3765A}
		{3159257E-F264-4B6A-B96E-F3D46ABF90A3} = {9962A820-513B-4A87-8313-0D8F6EA3765A}
		{BB797E16-A353-478D-9335-1D1B6AED38F8} = {9962A820-513B-4A87-8313-0D8F6EA3765A}
		{E6D17F25-C5AA-4C56-906C-0B9B35E600BC} = {9962A820-513B-4A87-8313-0D8F6EA3765A}
		{8EB7E6DC-D83A-45E7-9F09-72931F2EED66} = {9962A820-513B-4A87-8313-0D8F6EA3765A}
		{32877C42-32C7-411F-B110-CF2FD9CF11D8} = {9962A820-513B-4A87-8313-0D8F6EA3765A}
		{21540012-A296-45CE-8D35-3EA5A07B32A6} = {9962A820-513B-4A87-8313-0D8F6EA3765A}
		{89B88C2F-1FF5-4D84-A010-6BF74436576B} = {9962A820-513B-4A87-8313-0D8F6EA3765A}
		{D2549779-D9A0-4A92-9390-93973CC5249A} = {9962A820-513B-4A87-8313-0D8F6EA3765A}
		{1A0641F2-8857-46D7-965D-B6B3BD1771BC} = {9962A820-513B-4A87-8313-0D8F6EA3765A}
	EndGlobalSection
EndGlobal
